// !$*UTF8*$!
{
	archiveVersion = 1;
	classes = {
	};
	objectVersion = 46;
	objects = {

/* Begin PBXBuildFile section */
		8BBFDFA618B66B4F005C2CAF /* Foundation.framework in Frameworks */ = {isa = PBXBuildFile; fileRef = 8BBFDFA518B66B4F005C2CAF /* Foundation.framework */; };
		8BBFDFA818B66B4F005C2CAF /* CoreGraphics.framework in Frameworks */ = {isa = PBXBuildFile; fileRef = 8BBFDFA718B66B4F005C2CAF /* CoreGraphics.framework */; };
		8BBFDFAA18B66B4F005C2CAF /* UIKit.framework in Frameworks */ = {isa = PBXBuildFile; fileRef = 8BBFDFA918B66B4F005C2CAF /* UIKit.framework */; };
		8BBFDFB018B66B4F005C2CAF /* InfoPlist.strings in Resources */ = {isa = PBXBuildFile; fileRef = 8BBFDFAE18B66B4F005C2CAF /* InfoPlist.strings */; };
		8BBFDFB218B66B4F005C2CAF /* main.m in Sources */ = {isa = PBXBuildFile; fileRef = 8BBFDFB118B66B4F005C2CAF /* main.m */; };
		8BBFDFB618B66B4F005C2CAF /* AppDelegate.m in Sources */ = {isa = PBXBuildFile; fileRef = 8BBFDFB518B66B4F005C2CAF /* AppDelegate.m */; };
		8BBFDFB918B66B4F005C2CAF /* Main_iPhone.storyboard in Resources */ = {isa = PBXBuildFile; fileRef = 8BBFDFB718B66B4F005C2CAF /* Main_iPhone.storyboard */; };
		8BBFDFBC18B66B4F005C2CAF /* Main_iPad.storyboard in Resources */ = {isa = PBXBuildFile; fileRef = 8BBFDFBA18B66B4F005C2CAF /* Main_iPad.storyboard */; };
		8BBFDFBF18B66B4F005C2CAF /* ViewController.m in Sources */ = {isa = PBXBuildFile; fileRef = 8BBFDFBE18B66B4F005C2CAF /* ViewController.m */; };
		8BBFDFC118B66B4F005C2CAF /* Images.xcassets in Resources */ = {isa = PBXBuildFile; fileRef = 8BBFDFC018B66B4F005C2CAF /* Images.xcassets */; };
		8BBFDFC818B66B4F005C2CAF /* XCTest.framework in Frameworks */ = {isa = PBXBuildFile; fileRef = 8BBFDFC718B66B4F005C2CAF /* XCTest.framework */; };
		8BBFDFC918B66B4F005C2CAF /* Foundation.framework in Frameworks */ = {isa = PBXBuildFile; fileRef = 8BBFDFA518B66B4F005C2CAF /* Foundation.framework */; };
		8BBFDFCA18B66B4F005C2CAF /* UIKit.framework in Frameworks */ = {isa = PBXBuildFile; fileRef = 8BBFDFA918B66B4F005C2CAF /* UIKit.framework */; };
		8BBFDFD218B66B4F005C2CAF /* InfoPlist.strings in Resources */ = {isa = PBXBuildFile; fileRef = 8BBFDFD018B66B4F005C2CAF /* InfoPlist.strings */; };
		8BBFDFD418B66B4F005C2CAF /* testTests.m in Sources */ = {isa = PBXBuildFile; fileRef = 8BBFDFD318B66B4F005C2CAF /* testTests.m */; };
/* End PBXBuildFile section */

/* Begin PBXContainerItemProxy section */
		8BBFDFCB18B66B4F005C2CAF /* PBXContainerItemProxy */ = {
			isa = PBXContainerItemProxy;
			containerPortal = 8BBFDF9A18B66B4F005C2CAF /* Project object */;
			proxyType = 1;
			remoteGlobalIDString = 8BBFDFA118B66B4F005C2CAF;
			remoteInfo = test;
		};
/* End PBXContainerItemProxy section */

/* Begin PBXFileReference section */
		8BBFDFA218B66B4F005C2CAF /* test.app */ = {isa = PBXFileReference; explicitFileType = wrapper.application; includeInIndex = 0; path = test.app; sourceTree = BUILT_PRODUCTS_DIR; };
		8BBFDFA518B66B4F005C2CAF /* Foundation.framework */ = {isa = PBXFileReference; lastKnownFileType = wrapper.framework; name = Foundation.framework; path = System/Library/Frameworks/Foundation.framework; sourceTree = SDKROOT; };
		8BBFDFA718B66B4F005C2CAF /* CoreGraphics.framework */ = {isa = PBXFileReference; lastKnownFileType = wrapper.framework; name = CoreGraphics.framework; path = System/Library/Frameworks/CoreGraphics.framework; sourceTree = SDKROOT; };
		8BBFDFA918B66B4F005C2CAF /* UIKit.framework */ = {isa = PBXFileReference; lastKnownFileType = wrapper.framework; name = UIKit.framework; path = System/Library/Frameworks/UIKit.framework; sourceTree = SDKROOT; };
		8BBFDFAD18B66B4F005C2CAF /* test-Info.plist */ = {isa = PBXFileReference; lastKnownFileType = text.plist.xml; path = "test-Info.plist"; sourceTree = "<group>"; };
		8BBFDFAF18B66B4F005C2CAF /* en */ = {isa = PBXFileReference; lastKnownFileType = text.plist.strings; name = en; path = en.lproj/InfoPlist.strings; sourceTree = "<group>"; };
		8BBFDFB118B66B4F005C2CAF /* main.m */ = {isa = PBXFileReference; lastKnownFileType = sourcecode.c.objc; path = main.m; sourceTree = "<group>"; };
		8BBFDFB318B66B4F005C2CAF /* test-Prefix.pch */ = {isa = PBXFileReference; lastKnownFileType = sourcecode.c.h; path = "test-Prefix.pch"; sourceTree = "<group>"; };
		8BBFDFB418B66B4F005C2CAF /* AppDelegate.h */ = {isa = PBXFileReference; lastKnownFileType = sourcecode.c.h; path = AppDelegate.h; sourceTree = "<group>"; };
		8BBFDFB518B66B4F005C2CAF /* AppDelegate.m */ = {isa = PBXFileReference; lastKnownFileType = sourcecode.c.objc; path = AppDelegate.m; sourceTree = "<group>"; };
		8BBFDFB818B66B4F005C2CAF /* Base */ = {isa = PBXFileReference; lastKnownFileType = file.storyboard; name = Base; path = Base.lproj/Main_iPhone.storyboard; sourceTree = "<group>"; };
		8BBFDFBB18B66B4F005C2CAF /* Base */ = {isa = PBXFileReference; lastKnownFileType = file.storyboard; name = Base; path = Base.lproj/Main_iPad.storyboard; sourceTree = "<group>"; };
		8BBFDFBD18B66B4F005C2CAF /* ViewController.h */ = {isa = PBXFileReference; lastKnownFileType = sourcecode.c.h; path = ViewController.h; sourceTree = "<group>"; };
		8BBFDFBE18B66B4F005C2CAF /* ViewController.m */ = {isa = PBXFileReference; lastKnownFileType = sourcecode.c.objc; path = ViewController.m; sourceTree = "<group>"; };
		8BBFDFC018B66B4F005C2CAF /* Images.xcassets */ = {isa = PBXFileReference; lastKnownFileType = folder.assetcatalog; path = Images.xcassets; sourceTree = "<group>"; };
		8BBFDFC618B66B4F005C2CAF /* testTests.xctest */ = {isa = PBXFileReference; explicitFileType = wrapper.cfbundle; includeInIndex = 0; path = testTests.xctest; sourceTree = BUILT_PRODUCTS_DIR; };
		8BBFDFC718B66B4F005C2CAF /* XCTest.framework */ = {isa = PBXFileReference; lastKnownFileType = wrapper.framework; name = XCTest.framework; path = Library/Frameworks/XCTest.framework; sourceTree = DEVELOPER_DIR; };
		8BBFDFCF18B66B4F005C2CAF /* testTests-Info.plist */ = {isa = PBXFileReference; lastKnownFileType = text.plist.xml; path = "testTests-Info.plist"; sourceTree = "<group>"; };
		8BBFDFD118B66B4F005C2CAF /* en */ = {isa = PBXFileReference; lastKnownFileType = text.plist.strings; name = en; path = en.lproj/InfoPlist.strings; sourceTree = "<group>"; };
		8BBFDFD318B66B4F005C2CAF /* testTests.m */ = {isa = PBXFileReference; lastKnownFileType = sourcecode.c.objc; path = testTests.m; sourceTree = "<group>"; };
/* End PBXFileReference section */

/* Begin PBXFrameworksBuildPhase section */
		8BBFDF9F18B66B4F005C2CAF /* Frameworks */ = {
			isa = PBXFrameworksBuildPhase;
			buildActionMask = 2147483647;
			files = (
				8BBFDFA818B66B4F005C2CAF /* CoreGraphics.framework in Frameworks */,
				8BBFDFAA18B66B4F005C2CAF /* UIKit.framework in Frameworks */,
				8BBFDFA618B66B4F005C2CAF /* Foundation.framework in Frameworks */,
			);
			runOnlyForDeploymentPostprocessing = 0;
		};
		8BBFDFC318B66B4F005C2CAF /* Frameworks */ = {
			isa = PBXFrameworksBuildPhase;
			buildActionMask = 2147483647;
			files = (
				8BBFDFC818B66B4F005C2CAF /* XCTest.framework in Frameworks */,
				8BBFDFCA18B66B4F005C2CAF /* UIKit.framework in Frameworks */,
				8BBFDFC918B66B4F005C2CAF /* Foundation.framework in Frameworks */,
			);
			runOnlyForDeploymentPostprocessing = 0;
		};
/* End PBXFrameworksBuildPhase section */

/* Begin PBXGroup section */
		8BBFDF9918B66B4F005C2CAF = {
			isa = PBXGroup;
			children = (
				8BBFDFAB18B66B4F005C2CAF /* test */,
				8BBFDFCD18B66B4F005C2CAF /* testTests */,
				8BBFDFA418B66B4F005C2CAF /* Frameworks */,
				8BBFDFA318B66B4F005C2CAF /* Products */,
			);
			sourceTree = "<group>";
		};
		8BBFDFA318B66B4F005C2CAF /* Products */ = {
			isa = PBXGroup;
			children = (
				8BBFDFA218B66B4F005C2CAF /* test.app */,
				8BBFDFC618B66B4F005C2CAF /* testTests.xctest */,
			);
			name = Products;
			sourceTree = "<group>";
		};
		8BBFDFA418B66B4F005C2CAF /* Frameworks */ = {
			isa = PBXGroup;
			children = (
				8BBFDFA518B66B4F005C2CAF /* Foundation.framework */,
				8BBFDFA718B66B4F005C2CAF /* CoreGraphics.framework */,
				8BBFDFA918B66B4F005C2CAF /* UIKit.framework */,
				8BBFDFC718B66B4F005C2CAF /* XCTest.framework */,
			);
			name = Frameworks;
			sourceTree = "<group>";
		};
		8BBFDFAB18B66B4F005C2CAF /* test */ = {
			isa = PBXGroup;
			children = (
				8BBFDFB418B66B4F005C2CAF /* AppDelegate.h */,
				8BBFDFB518B66B4F005C2CAF /* AppDelegate.m */,
				8BBFDFB718B66B4F005C2CAF /* Main_iPhone.storyboard */,
				8BBFDFBA18B66B4F005C2CAF /* Main_iPad.storyboard */,
				8BBFDFBD18B66B4F005C2CAF /* ViewController.h */,
				8BBFDFBE18B66B4F005C2CAF /* ViewController.m */,
				8BBFDFC018B66B4F005C2CAF /* Images.xcassets */,
				8BBFDFAC18B66B4F005C2CAF /* Supporting Files */,
			);
			path = test;
			sourceTree = "<group>";
		};
		8BBFDFAC18B66B4F005C2CAF /* Supporting Files */ = {
			isa = PBXGroup;
			children = (
				8BBFDFAD18B66B4F005C2CAF /* test-Info.plist */,
				8BBFDFAE18B66B4F005C2CAF /* InfoPlist.strings */,
				8BBFDFB118B66B4F005C2CAF /* main.m */,
				8BBFDFB318B66B4F005C2CAF /* test-Prefix.pch */,
			);
			name = "Supporting Files";
			sourceTree = "<group>";
		};
		8BBFDFCD18B66B4F005C2CAF /* testTests */ = {
			isa = PBXGroup;
			children = (
				8BBFDFD318B66B4F005C2CAF /* testTests.m */,
				8BBFDFCE18B66B4F005C2CAF /* Supporting Files */,
			);
			path = testTests;
			sourceTree = "<group>";
		};
		8BBFDFCE18B66B4F005C2CAF /* Supporting Files */ = {
			isa = PBXGroup;
			children = (
				8BBFDFCF18B66B4F005C2CAF /* testTests-Info.plist */,
				8BBFDFD018B66B4F005C2CAF /* InfoPlist.strings */,
			);
			name = "Supporting Files";
			sourceTree = "<group>";
		};
/* End PBXGroup section */

/* Begin PBXNativeTarget section */
		8BBFDFA118B66B4F005C2CAF /* test */ = {
			isa = PBXNativeTarget;
			buildConfigurationList = 8BBFDFD718B66B4F005C2CAF /* Build configuration list for PBXNativeTarget "test" */;
			buildPhases = (
				8BBFDF9E18B66B4F005C2CAF /* Sources */,
				8BBFDF9F18B66B4F005C2CAF /* Frameworks */,
				8BBFDFA018B66B4F005C2CAF /* Resources */,
			);
			buildRules = (
			);
			dependencies = (
			);
			name = test;
			productName = test;
			productReference = 8BBFDFA218B66B4F005C2CAF /* test.app */;
			productType = "com.apple.product-type.application";
		};
		8BBFDFC518B66B4F005C2CAF /* testTests */ = {
			isa = PBXNativeTarget;
			buildConfigurationList = 8BBFDFDA18B66B4F005C2CAF /* Build configuration list for PBXNativeTarget "testTests" */;
			buildPhases = (
				8BBFDFC218B66B4F005C2CAF /* Sources */,
				8BBFDFC318B66B4F005C2CAF /* Frameworks */,
				8BBFDFC418B66B4F005C2CAF /* Resources */,
			);
			buildRules = (
			);
			dependencies = (
				8BBFDFCC18B66B4F005C2CAF /* PBXTargetDependency */,
			);
			name = testTests;
			productName = testTests;
			productReference = 8BBFDFC618B66B4F005C2CAF /* testTests.xctest */;
			productType = "com.apple.product-type.bundle.unit-test";
		};
/* End PBXNativeTarget section */

/* Begin PBXProject section */
		8BBFDF9A18B66B4F005C2CAF /* Project object */ = {
			isa = PBXProject;
			attributes = {
				LastUpgradeCheck = 0500;
				ORGANIZATIONNAME = jordi.ron;
				TargetAttributes = {
					8BBFDFC518B66B4F005C2CAF = {
						TestTargetID = 8BBFDFA118B66B4F005C2CAF;
					};
				};
			};
			buildConfigurationList = 8BBFDF9D18B66B4F005C2CAF /* Build configuration list for PBXProject "test" */;
			compatibilityVersion = "Xcode 3.2";
			developmentRegion = English;
			hasScannedForEncodings = 0;
			knownRegions = (
				en,
				Base,
			);
			mainGroup = 8BBFDF9918B66B4F005C2CAF;
			productRefGroup = 8BBFDFA318B66B4F005C2CAF /* Products */;
			projectDirPath = "";
			projectRoot = "";
			targets = (
				8BBFDFA118B66B4F005C2CAF /* test */,
				8BBFDFC518B66B4F005C2CAF /* testTests */,
			);
		};
/* End PBXProject section */

/* Begin PBXResourcesBuildPhase section */
		8BBFDFA018B66B4F005C2CAF /* Resources */ = {
			isa = PBXResourcesBuildPhase;
			buildActionMask = 2147483647;
			files = (
				8BBFDFBC18B66B4F005C2CAF /* Main_iPad.storyboard in Resources */,
				8BBFDFC118B66B4F005C2CAF /* Images.xcassets in Resources */,
				8BBFDFB918B66B4F005C2CAF /* Main_iPhone.storyboard in Resources */,
				8BBFDFB018B66B4F005C2CAF /* InfoPlist.strings in Resources */,
			);
			runOnlyForDeploymentPostprocessing = 0;
		};
		8BBFDFC418B66B4F005C2CAF /* Resources */ = {
			isa = PBXResourcesBuildPhase;
			buildActionMask = 2147483647;
			files = (
				8BBFDFD218B66B4F005C2CAF /* InfoPlist.strings in Resources */,
			);
			runOnlyForDeploymentPostprocessing = 0;
		};
/* End PBXResourcesBuildPhase section */

/* Begin PBXSourcesBuildPhase section */
		8BBFDF9E18B66B4F005C2CAF /* Sources */ = {
			isa = PBXSourcesBuildPhase;
			buildActionMask = 2147483647;
			files = (
				8BBFDFBF18B66B4F005C2CAF /* ViewController.m in Sources */,
				8BBFDFB618B66B4F005C2CAF /* AppDelegate.m in Sources */,
				8BBFDFB218B66B4F005C2CAF /* main.m in Sources */,
			);
			runOnlyForDeploymentPostprocessing = 0;
		};
		8BBFDFC218B66B4F005C2CAF /* Sources */ = {
			isa = PBXSourcesBuildPhase;
			buildActionMask = 2147483647;
			files = (
				8BBFDFD418B66B4F005C2CAF /* testTests.m in Sources */,
			);
			runOnlyForDeploymentPostprocessing = 0;
		};
/* End PBXSourcesBuildPhase section */

/* Begin PBXTargetDependency section */
		8BBFDFCC18B66B4F005C2CAF /* PBXTargetDependency */ = {
			isa = PBXTargetDependency;
			target = 8BBFDFA118B66B4F005C2CAF /* test */;
			targetProxy = 8BBFDFCB18B66B4F005C2CAF /* PBXContainerItemProxy */;
		};
/* End PBXTargetDependency section */

/* Begin PBXVariantGroup section */
		8BBFDFAE18B66B4F005C2CAF /* InfoPlist.strings */ = {
			isa = PBXVariantGroup;
			children = (
				8BBFDFAF18B66B4F005C2CAF /* en */,
			);
			name = InfoPlist.strings;
			sourceTree = "<group>";
		};
		8BBFDFB718B66B4F005C2CAF /* Main_iPhone.storyboard */ = {
			isa = PBXVariantGroup;
			children = (
				8BBFDFB818B66B4F005C2CAF /* Base */,
			);
			name = Main_iPhone.storyboard;
			sourceTree = "<group>";
		};
		8BBFDFBA18B66B4F005C2CAF /* Main_iPad.storyboard */ = {
			isa = PBXVariantGroup;
			children = (
				8BBFDFBB18B66B4F005C2CAF /* Base */,
			);
			name = Main_iPad.storyboard;
			sourceTree = "<group>";
		};
		8BBFDFD018B66B4F005C2CAF /* InfoPlist.strings */ = {
			isa = PBXVariantGroup;
			children = (
				8BBFDFD118B66B4F005C2CAF /* en */,
			);
			name = InfoPlist.strings;
			sourceTree = "<group>";
		};
/* End PBXVariantGroup section */

/* Begin XCBuildConfiguration section */
		8BBFDFD518B66B4F005C2CAF /* Debug */ = {
			isa = XCBuildConfiguration;
			buildSettings = {
				ALWAYS_SEARCH_USER_PATHS = NO;
				ARCHS = "$(ARCHS_STANDARD_INCLUDING_64_BIT)";
				CLANG_CXX_LANGUAGE_STANDARD = "gnu++0x";
				CLANG_CXX_LIBRARY = "libc++";
				CLANG_ENABLE_MODULES = YES;
				CLANG_ENABLE_OBJC_ARC = YES;
				CLANG_WARN_BOOL_CONVERSION = YES;
				CLANG_WARN_CONSTANT_CONVERSION = YES;
				CLANG_WARN_DIRECT_OBJC_ISA_USAGE = YES_ERROR;
				CLANG_WARN_EMPTY_BODY = YES;
				CLANG_WARN_ENUM_CONVERSION = YES;
				CLANG_WARN_INT_CONVERSION = YES;
				CLANG_WARN_OBJC_ROOT_CLASS = YES_ERROR;
				CLANG_WARN__DUPLICATE_METHOD_MATCH = YES;
				"CODE_SIGN_IDENTITY[sdk=iphoneos*]" = "iPhone Developer";
				COPY_PHASE_STRIP = NO;
				GCC_C_LANGUAGE_STANDARD = gnu99;
				GCC_DYNAMIC_NO_PIC = NO;
				GCC_OPTIMIZATION_LEVEL = 0;
				GCC_PREPROCESSOR_DEFINITIONS = (
					"DEBUG=1",
					"$(inherited)",
				);
				GCC_SYMBOLS_PRIVATE_EXTERN = NO;
				GCC_WARN_64_TO_32_BIT_CONVERSION = YES;
				GCC_WARN_ABOUT_RETURN_TYPE = YES_ERROR;
				GCC_WARN_UNDECLARED_SELECTOR = YES;
				GCC_WARN_UNINITIALIZED_AUTOS = YES;
				GCC_WARN_UNUSED_FUNCTION = YES;
				GCC_WARN_UNUSED_VARIABLE = YES;
				IPHONEOS_DEPLOYMENT_TARGET = 7.0;
				ONLY_ACTIVE_ARCH = YES;
				SDKROOT = iphoneos;
				TARGETED_DEVICE_FAMILY = "1,2";
			};
			name = Debug;
		};
		8BBFDFD618B66B4F005C2CAF /* Release */ = {
			isa = XCBuildConfiguration;
			buildSettings = {
				ALWAYS_SEARCH_USER_PATHS = NO;
				ARCHS = "$(ARCHS_STANDARD_INCLUDING_64_BIT)";
				CLANG_CXX_LANGUAGE_STANDARD = "gnu++0x";
				CLANG_CXX_LIBRARY = "libc++";
				CLANG_ENABLE_MODULES = YES;
				CLANG_ENABLE_OBJC_ARC = YES;
				CLANG_WARN_BOOL_CONVERSION = YES;
				CLANG_WARN_CONSTANT_CONVERSION = YES;
				CLANG_WARN_DIRECT_OBJC_ISA_USAGE = YES_ERROR;
				CLANG_WARN_EMPTY_BODY = YES;
				CLANG_WARN_ENUM_CONVERSION = YES;
				CLANG_WARN_INT_CONVERSION = YES;
				CLANG_WARN_OBJC_ROOT_CLASS = YES_ERROR;
				CLANG_WARN__DUPLICATE_METHOD_MATCH = YES;
				"CODE_SIGN_IDENTITY[sdk=iphoneos*]" = "iPhone Developer";
				COPY_PHASE_STRIP = YES;
				ENABLE_NS_ASSERTIONS = NO;
				GCC_C_LANGUAGE_STANDARD = gnu99;
				GCC_WARN_64_TO_32_BIT_CONVERSION = YES;
				GCC_WARN_ABOUT_RETURN_TYPE = YES_ERROR;
				GCC_WARN_UNDECLARED_SELECTOR = YES;
				GCC_WARN_UNINITIALIZED_AUTOS = YES;
				GCC_WARN_UNUSED_FUNCTION = YES;
				GCC_WARN_UNUSED_VARIABLE = YES;
				IPHONEOS_DEPLOYMENT_TARGET = 7.0;
				SDKROOT = iphoneos;
				TARGETED_DEVICE_FAMILY = "1,2";
				VALIDATE_PRODUCT = YES;
			};
			name = Release;
		};
		8BBFDFD818B66B4F005C2CAF /* Debug */ = {
			isa = XCBuildConfiguration;
			buildSettings = {
				ASSETCATALOG_COMPILER_APPICON_NAME = AppIcon;
				ASSETCATALOG_COMPILER_LAUNCHIMAGE_NAME = LaunchImage;
				GCC_PRECOMPILE_PREFIX_HEADER = YES;
				GCC_PREFIX_HEADER = "test/test-Prefix.pch";
				INFOPLIST_FILE = "test/test-Info.plist";
				PRODUCT_NAME = "$(TARGET_NAME)";
				WRAPPER_EXTENSION = app;
			};
			name = Debug;
		};
		8BBFDFD918B66B4F005C2CAF /* Release */ = {
			isa = XCBuildConfiguration;
			buildSettings = {
				ASSETCATALOG_COMPILER_APPICON_NAME = AppIcon;
				ASSETCATALOG_COMPILER_LAUNCHIMAGE_NAME = LaunchImage;
				GCC_PRECOMPILE_PREFIX_HEADER = YES;
				GCC_PREFIX_HEADER = "test/test-Prefix.pch";
				INFOPLIST_FILE = "test/test-Info.plist";
				PRODUCT_NAME = "$(TARGET_NAME)";
				WRAPPER_EXTENSION = app;
			};
			name = Release;
		};
		8BBFDFDB18B66B4F005C2CAF /* Debug */ = {
			isa = XCBuildConfiguration;
			buildSettings = {
				ARCHS = "$(ARCHS_STANDARD_INCLUDING_64_BIT)";
				BUNDLE_LOADER = "$(BUILT_PRODUCTS_DIR)/test.app/test";
				FRAMEWORK_SEARCH_PATHS = (
					"$(SDKROOT)/Developer/Library/Frameworks",
					"$(inherited)",
					"$(DEVELOPER_FRAMEWORKS_DIR)",
				);
				GCC_PRECOMPILE_PREFIX_HEADER = YES;
				GCC_PREFIX_HEADER = "test/test-Prefix.pch";
				GCC_PREPROCESSOR_DEFINITIONS = (
					"DEBUG=1",
					"$(inherited)",
				);
				INFOPLIST_FILE = "testTests/testTests-Info.plist";
				PRODUCT_NAME = "$(TARGET_NAME)";
				TEST_HOST = "$(BUNDLE_LOADER)";
				WRAPPER_EXTENSION = xctest;
			};
			name = Debug;
		};
		8BBFDFDC18B66B4F005C2CAF /* Release */ = {
			isa = XCBuildConfiguration;
			buildSettings = {
				ARCHS = "$(ARCHS_STANDARD_INCLUDING_64_BIT)";
				BUNDLE_LOADER = "$(BUILT_PRODUCTS_DIR)/test.app/test";
				FRAMEWORK_SEARCH_PATHS = (
					"$(SDKROOT)/Developer/Library/Frameworks",
					"$(inherited)",
					"$(DEVELOPER_FRAMEWORKS_DIR)",
				);
				GCC_PRECOMPILE_PREFIX_HEADER = YES;
				GCC_PREFIX_HEADER = "test/test-Prefix.pch";
				INFOPLIST_FILE = "testTests/testTests-Info.plist";
				PRODUCT_NAME = "$(TARGET_NAME)";
				TEST_HOST = "$(BUNDLE_LOADER)";
				WRAPPER_EXTENSION = xctest;
			};
			name = Release;
		};
/* End XCBuildConfiguration section */

/* Begin XCConfigurationList section */
		8BBFDF9D18B66B4F005C2CAF /* Build configuration list for PBXProject "test" */ = {
			isa = XCConfigurationList;
			buildConfigurations = (
				8BBFDFD518B66B4F005C2CAF /* Debug */,
				8BBFDFD618B66B4F005C2CAF /* Release */,
			);
			defaultConfigurationIsVisible = 0;
			defaultConfigurationName = Release;
		};
		8BBFDFD718B66B4F005C2CAF /* Build configuration list for PBXNativeTarget "test" */ = {
			isa = XCConfigurationList;
			buildConfigurations = (
				8BBFDFD818B66B4F005C2CAF /* Debug */,
				8BBFDFD918B66B4F005C2CAF /* Release */,
			);
			defaultConfigurationIsVisible = 0;
		};
		8BBFDFDA18B66B4F005C2CAF /* Build configuration list for PBXNativeTarget "testTests" */ = {
			isa = XCConfigurationList;
			buildConfigurations = (
				8BBFDFDB18B66B4F005C2CAF /* Debug */,
				8BBFDFDC18B66B4F005C2CAF /* Release */,
			);
			defaultConfigurationIsVisible = 0;
		};
/* End XCConfigurationList section */
	};
	rootObject = 8BBFDF9A18B66B4F005C2CAF /* Project object */;
}
